
Microsoft Visual Studio Solution File, Format Version 12.00
# Visual Studio Version 17
VisualStudioVersion = 17.9.34701.34
MinimumVisualStudioVersion = 10.0.40219.1
Project("{FAE04EC0-301F-11D3-BF4B-00C04F79EFBC}") = "SchoolSubjectMatter", "SchoolSubjectMatter\SchoolSubjectMatter.csproj", "{50B6011E-D1EF-44B8-9287-5C504AD4D1E6}"
EndProject
Global
	GlobalSection(SolutionConfigurationPlatforms) = preSolution
		Debug|Any CPU = Debug|Any CPU
		Release|Any CPU = Release|Any CPU
	EndGlobalSection
	GlobalSection(ProjectConfigurationPlatforms) = postSolution
		{50B6011E-D1EF-44B8-9287-5C504AD4D1E6}.Debug|Any CPU.ActiveCfg = Debug|Any CPU
		{50B6011E-D1EF-44B8-9287-5C504AD4D1E6}.Debug|Any CPU.Build.0 = Debug|Any CPU
		{50B6011E-D1EF-44B8-9287-5C504AD4D1E6}.Release|Any CPU.ActiveCfg = Release|Any CPU
		{50B6011E-D1EF-44B8-9287-5C504AD4D1E6}.Release|Any CPU.Build.0 = Release|Any CPU
	EndGlobalSection
	GlobalSection(SolutionProperties) = preSolution
		HideSolutionNode = FALSE
	EndGlobalSection
	GlobalSection(ExtensibilityGlobals) = postSolution
		SolutionGuid = {B209C829-478B-4F1E-AE29-4736B11DE374}
	EndGlobalSection
EndGlobal
